
Microsoft Visual Studio Solution File, Format Version 12.00
# Visual Studio Version 17
VisualStudioVersion = 17.3.32922.545
MinimumVisualStudioVersion = 10.0.40219.1
Project("{FAE04EC0-301F-11D3-BF4B-00C04F79EFBC}") = "reading-files-with-linq", "reading-files-with-linq\reading-files-with-linq.csproj", "{53324303-73A7-467C-A255-A6EE64B12100}"
EndProject
Global
	GlobalSection(SolutionConfigurationPlatforms) = preSolution
		Debug|Any CPU = Debug|Any CPU
		Release|Any CPU = Release|Any CPU
	EndGlobalSection
	GlobalSection(ProjectConfigurationPlatforms) = postSolution
		{53324303-73A7-467C-A255-A6EE64B12100}.Debug|Any CPU.ActiveCfg = Debug|Any CPU
		{53324303-73A7-467C-A255-A6EE64B12100}.Debug|Any CPU.Build.0 = Debug|Any CPU
		{53324303-73A7-467C-A255-A6EE64B12100}.Release|Any CPU.ActiveCfg = Release|Any CPU
		{53324303-73A7-467C-A255-A6EE64B12100}.Release|Any CPU.Build.0 = Release|Any CPU
	EndGlobalSection
	GlobalSection(SolutionProperties) = preSolution
		HideSolutionNode = FALSE
	EndGlobalSection
	GlobalSection(ExtensibilityGlobals) = postSolution
		SolutionGuid = {C9162F04-09BC-45EF-AA0C-AFEF746F69AE}
	EndGlobalSection
EndGlobal
